schema: '2.0'
stages:
  prepare:
    cmd: python -m src.features.build --config configs/data.yaml
    deps:
    - path: configs/data.yaml
      hash: md5
      md5: aad30b2c7396a465a6782c80188d56c0
      size: 504
    - path: data/raw/creditcard.csv
      hash: md5
      md5: e90efcb83d69faf99fcab8b0255024de
      size: 150828752
    - path: src/features/build.py
      hash: md5
      md5: 054aaef0b6f100d18d1ee7a926563171
      size: 1087
    outs:
    - path: data/interim
      hash: md5
      md5: d751713988987e9331980363e24189ce.dir
      size: 0
      nfiles: 0
    - path: data/processed
      hash: md5
      md5: d5d5dce6ba29e4f17b0c36dc38d78571.dir
      size: 72229250
      nfiles: 1
  train:
    cmd: python -m src.training.train --config configs/model_xgb.yaml
    deps:
    - path: configs/model_xgb.yaml
      hash: md5
      md5: 1dc5d1215fb7d9ff221a46a80dae0033
      size: 368
    - path: data/processed/train.parquet
      hash: md5
      md5: 069569b2cbcde9d87a9f8d05113a47c4
      size: 72229250
    - path: src/training/train.py
      hash: md5
      md5: 7e4fb8782e079b4fe14ef4390fdb9929
      size: 5681
    outs:
    - path: models/xgboost/features.txt
      hash: md5
      md5: 545970fbcfaf15e3a510d0ad029e4363
      size: 109
    - path: models/xgboost/model.json
      hash: md5
      md5: 8b0c7f040406d599938df40807af3266
      size: 1817668
